{
  "name": "agent-loop-node-cli",
  "version": "0.1.120",
  "lockfileVersion": 3,
  "requires": true,
  "packages": {
    "": {
      "name": "agent-loop-node-cli",
      "version": "0.1.120",
      "bin": {
        "agent-loop-node": "bin/agent-loop.js"
      },
      "engines": {
        "node": ">=20"
      }
    }
  }
}
